
Microsoft Visual Studio Solution File, Format Version 12.00
# Visual Studio 15
VisualStudioVersion = 15.0.26730.3
MinimumVisualStudioVersion = 10.0.40219.1
Project("{FAE04EC0-301F-11D3-BF4B-00C04F79EFBC}") = "MineSweeperKata", "MineSweeperKata\MineSweeperKata.csproj", "{C6A9C5CE-A4EE-40B0-9E88-C4876DB0A66A}"
EndProject
Project("{FAE04EC0-301F-11D3-BF4B-00C04F79EFBC}") = "MineSweeperSpecs", "MineSweeperSpecs\MineSweeperSpecs.csproj", "{19405DD6-4905-4777-8DC9-26DA862697DB}"
EndProject
Global
	GlobalSection(SolutionConfigurationPlatforms) = preSolution
		Debug|Any CPU = Debug|Any CPU
		Release|Any CPU = Release|Any CPU
	EndGlobalSection
	GlobalSection(ProjectConfigurationPlatforms) = postSolution
		{C6A9C5CE-A4EE-40B0-9E88-C4876DB0A66A}.Debug|Any CPU.ActiveCfg = Debug|Any CPU
		{C6A9C5CE-A4EE-40B0-9E88-C4876DB0A66A}.Debug|Any CPU.Build.0 = Debug|Any CPU
		{C6A9C5CE-A4EE-40B0-9E88-C4876DB0A66A}.Release|Any CPU.ActiveCfg = Release|Any CPU
		{C6A9C5CE-A4EE-40B0-9E88-C4876DB0A66A}.Release|Any CPU.Build.0 = Release|Any CPU
		{19405DD6-4905-4777-8DC9-26DA862697DB}.Debug|Any CPU.ActiveCfg = Debug|Any CPU
		{19405DD6-4905-4777-8DC9-26DA862697DB}.Debug|Any CPU.Build.0 = Debug|Any CPU
		{19405DD6-4905-4777-8DC9-26DA862697DB}.Release|Any CPU.ActiveCfg = Release|Any CPU
		{19405DD6-4905-4777-8DC9-26DA862697DB}.Release|Any CPU.Build.0 = Release|Any CPU
	EndGlobalSection
	GlobalSection(SolutionProperties) = preSolution
		HideSolutionNode = FALSE
	EndGlobalSection
	GlobalSection(ExtensibilityGlobals) = postSolution
		SolutionGuid = {63174575-64D4-4954-BC29-261AAC036717}
	EndGlobalSection
EndGlobal
